
Microsoft Visual Studio Solution File, Format Version 12.00
# Visual Studio 15
VisualStudioVersion = 15.0.28307.421
MinimumVisualStudioVersion = 10.0.40219.1
Project("{FAE04EC0-301F-11D3-BF4B-00C04F79EFBC}") = "ShutOffer", "ShutOffer\ShutOffer.csproj", "{FFB613B6-BA80-4C7B-8A55-B07FF7BC5697}"
EndProject
Global
	GlobalSection(SolutionConfigurationPlatforms) = preSolution
		Debug|Any CPU = Debug|Any CPU
		Release|Any CPU = Release|Any CPU
	EndGlobalSection
	GlobalSection(ProjectConfigurationPlatforms) = postSolution
		{FFB613B6-BA80-4C7B-8A55-B07FF7BC5697}.Debug|Any CPU.ActiveCfg = Debug|Any CPU
		{FFB613B6-BA80-4C7B-8A55-B07FF7BC5697}.Debug|Any CPU.Build.0 = Debug|Any CPU
		{FFB613B6-BA80-4C7B-8A55-B07FF7BC5697}.Release|Any CPU.ActiveCfg = Release|Any CPU
		{FFB613B6-BA80-4C7B-8A55-B07FF7BC5697}.Release|Any CPU.Build.0 = Release|Any CPU
	EndGlobalSection
	GlobalSection(SolutionProperties) = preSolution
		HideSolutionNode = FALSE
	EndGlobalSection
	GlobalSection(ExtensibilityGlobals) = postSolution
		SolutionGuid = {93141AA1-5F1C-463D-A8B3-AA28A301A4DF}
	EndGlobalSection
EndGlobal
